
Microsoft Visual Studio Solution File, Format Version 12.00
# Visual Studio Version 17
VisualStudioVersion = 17.1.32319.34
MinimumVisualStudioVersion = 10.0.40219.1
Project("{FAE04EC0-301F-11D3-BF4B-00C04F79EFBC}") = "L2", "L2\L2.csproj", "{35734908-999C-4E4F-9DB6-56B41730A6C7}"
EndProject
Global
	GlobalSection(SolutionConfigurationPlatforms) = preSolution
		Debug|Any CPU = Debug|Any CPU
		Release|Any CPU = Release|Any CPU
	EndGlobalSection
	GlobalSection(ProjectConfigurationPlatforms) = postSolution
		{35734908-999C-4E4F-9DB6-56B41730A6C7}.Debug|Any CPU.ActiveCfg = Debug|Any CPU
		{35734908-999C-4E4F-9DB6-56B41730A6C7}.Debug|Any CPU.Build.0 = Debug|Any CPU
		{35734908-999C-4E4F-9DB6-56B41730A6C7}.Release|Any CPU.ActiveCfg = Release|Any CPU
		{35734908-999C-4E4F-9DB6-56B41730A6C7}.Release|Any CPU.Build.0 = Release|Any CPU
	EndGlobalSection
	GlobalSection(SolutionProperties) = preSolution
		HideSolutionNode = FALSE
	EndGlobalSection
	GlobalSection(ExtensibilityGlobals) = postSolution
		SolutionGuid = {78C03319-9D4F-41CC-858C-CE28117C0AAC}
	EndGlobalSection
EndGlobal
